
Microsoft Visual Studio Solution File, Format Version 12.00
# Visual Studio Version 16
VisualStudioVersion = 16.0.29102.190
MinimumVisualStudioVersion = 10.0.40219.1
Project("{FAE04EC0-301F-11D3-BF4B-00C04F79EFBC}") = "CustomRendererDemo.Android", "CustomRendererDemo\CustomRendererDemo.Android\CustomRendererDemo.Android.csproj", "{0AEC2EB7-964E-4A5F-A528-D19F5DBCA4BC}"
EndProject
Project("{FAE04EC0-301F-11D3-BF4B-00C04F79EFBC}") = "CustomRendererDemo.iOS", "CustomRendererDemo\CustomRendererDemo.iOS\CustomRendererDemo.iOS.csproj", "{86B3235D-0278-4FA3-BEAB-6068F61F5B3A}"
EndProject
Project("{FAE04EC0-301F-11D3-BF4B-00C04F79EFBC}") = "CustomRendererDemo", "CustomRendererDemo\CustomRendererDemo\CustomRendererDemo.csproj", "{BA86BC5D-B63B-40AC-88B3-550AC7E5B1EB}"
EndProject
Global
	GlobalSection(SolutionConfigurationPlatforms) = preSolution
		Debug|Any CPU = Debug|Any CPU
		Debug|iPhone = Debug|iPhone
		Debug|iPhoneSimulator = Debug|iPhoneSimulator
		Release|Any CPU = Release|Any CPU
		Release|iPhone = Release|iPhone
		Release|iPhoneSimulator = Release|iPhoneSimulator
	EndGlobalSection
	GlobalSection(ProjectConfigurationPlatforms) = postSolution
		{0AEC2EB7-964E-4A5F-A528-D19F5DBCA4BC}.Debug|Any CPU.ActiveCfg = Debug|Any CPU
		{0AEC2EB7-964E-4A5F-A528-D19F5DBCA4BC}.Debug|Any CPU.Build.0 = Debug|Any CPU
		{0AEC2EB7-964E-4A5F-A528-D19F5DBCA4BC}.Debug|Any CPU.Deploy.0 = Debug|Any CPU
		{0AEC2EB7-964E-4A5F-A528-D19F5DBCA4BC}.Debug|iPhone.ActiveCfg = Debug|Any CPU
		{0AEC2EB7-964E-4A5F-A528-D19F5DBCA4BC}.Debug|iPhone.Build.0 = Debug|Any CPU
		{0AEC2EB7-964E-4A5F-A528-D19F5DBCA4BC}.Debug|iPhone.Deploy.0 = Debug|Any CPU
		{0AEC2EB7-964E-4A5F-A528-D19F5DBCA4BC}.Debug|iPhoneSimulator.ActiveCfg = Debug|Any CPU
		{0AEC2EB7-964E-4A5F-A528-D19F5DBCA4BC}.Debug|iPhoneSimulator.Build.0 = Debug|Any CPU
		{0AEC2EB7-964E-4A5F-A528-D19F5DBCA4BC}.Debug|iPhoneSimulator.Deploy.0 = Debug|Any CPU
		{0AEC2EB7-964E-4A5F-A528-D19F5DBCA4BC}.Release|Any CPU.ActiveCfg = Release|Any CPU
		{0AEC2EB7-964E-4A5F-A528-D19F5DBCA4BC}.Release|Any CPU.Build.0 = Release|Any CPU
		{0AEC2EB7-964E-4A5F-A528-D19F5DBCA4BC}.Release|Any CPU.Deploy.0 = Release|Any CPU
		{0AEC2EB7-964E-4A5F-A528-D19F5DBCA4BC}.Release|iPhone.ActiveCfg = Release|Any CPU
		{0AEC2EB7-964E-4A5F-A528-D19F5DBCA4BC}.Release|iPhone.Build.0 = Release|Any CPU
		{0AEC2EB7-964E-4A5F-A528-D19F5DBCA4BC}.Release|iPhone.Deploy.0 = Release|Any CPU
		{0AEC2EB7-964E-4A5F-A528-D19F5DBCA4BC}.Release|iPhoneSimulator.ActiveCfg = Release|Any CPU
		{0AEC2EB7-964E-4A5F-A528-D19F5DBCA4BC}.Release|iPhoneSimulator.Build.0 = Release|Any CPU
		{0AEC2EB7-964E-4A5F-A528-D19F5DBCA4BC}.Release|iPhoneSimulator.Deploy.0 = Release|Any CPU
		{86B3235D-0278-4FA3-BEAB-6068F61F5B3A}.Debug|Any CPU.ActiveCfg = Debug|iPhoneSimulator
		{86B3235D-0278-4FA3-BEAB-6068F61F5B3A}.Debug|Any CPU.Build.0 = Debug|iPhoneSimulator
		{86B3235D-0278-4FA3-BEAB-6068F61F5B3A}.Debug|Any CPU.Deploy.0 = Debug|iPhoneSimulator
		{86B3235D-0278-4FA3-BEAB-6068F61F5B3A}.Debug|iPhone.ActiveCfg = Debug|iPhone
		{86B3235D-0278-4FA3-BEAB-6068F61F5B3A}.Debug|iPhone.Build.0 = Debug|iPhone
		{86B3235D-0278-4FA3-BEAB-6068F61F5B3A}.Debug|iPhone.Deploy.0 = Debug|iPhone
		{86B3235D-0278-4FA3-BEAB-6068F61F5B3A}.Debug|iPhoneSimulator.ActiveCfg = Debug|iPhoneSimulator
		{86B3235D-0278-4FA3-BEAB-6068F61F5B3A}.Debug|iPhoneSimulator.Build.0 = Debug|iPhoneSimulator
		{86B3235D-0278-4FA3-BEAB-6068F61F5B3A}.Debug|iPhoneSimulator.Deploy.0 = Debug|iPhoneSimulator
		{86B3235D-0278-4FA3-BEAB-6068F61F5B3A}.Release|Any CPU.ActiveCfg = Release|iPhone
		{86B3235D-0278-4FA3-BEAB-6068F61F5B3A}.Release|Any CPU.Build.0 = Release|iPhone
		{86B3235D-0278-4FA3-BEAB-6068F61F5B3A}.Release|Any CPU.Deploy.0 = Release|iPhone
		{86B3235D-0278-4FA3-BEAB-6068F61F5B3A}.Release|iPhone.ActiveCfg = Release|iPhone
		{86B3235D-0278-4FA3-BEAB-6068F61F5B3A}.Release|iPhone.Build.0 = Release|iPhone
		{86B3235D-0278-4FA3-BEAB-6068F61F5B3A}.Release|iPhone.Deploy.0 = Release|iPhone
		{86B3235D-0278-4FA3-BEAB-6068F61F5B3A}.Release|iPhoneSimulator.ActiveCfg = Release|iPhoneSimulator
		{86B3235D-0278-4FA3-BEAB-6068F61F5B3A}.Release|iPhoneSimulator.Build.0 = Release|iPhoneSimulator
		{86B3235D-0278-4FA3-BEAB-6068F61F5B3A}.Release|iPhoneSimulator.Deploy.0 = Release|iPhoneSimulator
		{BA86BC5D-B63B-40AC-88B3-550AC7E5B1EB}.Debug|Any CPU.ActiveCfg = Debug|Any CPU
		{BA86BC5D-B63B-40AC-88B3-550AC7E5B1EB}.Debug|Any CPU.Build.0 = Debug|Any CPU
		{BA86BC5D-B63B-40AC-88B3-550AC7E5B1EB}.Debug|Any CPU.Deploy.0 = Debug|Any CPU
		{BA86BC5D-B63B-40AC-88B3-550AC7E5B1EB}.Debug|iPhone.ActiveCfg = Debug|Any CPU
		{BA86BC5D-B63B-40AC-88B3-550AC7E5B1EB}.Debug|iPhone.Build.0 = Debug|Any CPU
		{BA86BC5D-B63B-40AC-88B3-550AC7E5B1EB}.Debug|iPhone.Deploy.0 = Debug|Any CPU
		{BA86BC5D-B63B-40AC-88B3-550AC7E5B1EB}.Debug|iPhoneSimulator.ActiveCfg = Debug|Any CPU
		{BA86BC5D-B63B-40AC-88B3-550AC7E5B1EB}.Debug|iPhoneSimulator.Build.0 = Debug|Any CPU
		{BA86BC5D-B63B-40AC-88B3-550AC7E5B1EB}.Debug|iPhoneSimulator.Deploy.0 = Debug|Any CPU
		{BA86BC5D-B63B-40AC-88B3-550AC7E5B1EB}.Release|Any CPU.ActiveCfg = Release|Any CPU
		{BA86BC5D-B63B-40AC-88B3-550AC7E5B1EB}.Release|Any CPU.Build.0 = Release|Any CPU
		{BA86BC5D-B63B-40AC-88B3-550AC7E5B1EB}.Release|Any CPU.Deploy.0 = Release|Any CPU
		{BA86BC5D-B63B-40AC-88B3-550AC7E5B1EB}.Release|iPhone.ActiveCfg = Release|Any CPU
		{BA86BC5D-B63B-40AC-88B3-550AC7E5B1EB}.Release|iPhone.Build.0 = Release|Any CPU
		{BA86BC5D-B63B-40AC-88B3-550AC7E5B1EB}.Release|iPhone.Deploy.0 = Release|Any CPU
		{BA86BC5D-B63B-40AC-88B3-550AC7E5B1EB}.Release|iPhoneSimulator.ActiveCfg = Release|Any CPU
		{BA86BC5D-B63B-40AC-88B3-550AC7E5B1EB}.Release|iPhoneSimulator.Build.0 = Release|Any CPU
		{BA86BC5D-B63B-40AC-88B3-550AC7E5B1EB}.Release|iPhoneSimulator.Deploy.0 = Release|Any CPU
	EndGlobalSection
	GlobalSection(SolutionProperties) = preSolution
		HideSolutionNode = FALSE
	EndGlobalSection
	GlobalSection(ExtensibilityGlobals) = postSolution
		SolutionGuid = {40F50E26-4760-4E05-B398-A3A7775A447D}
	EndGlobalSection
EndGlobal
